
Microsoft Visual Studio Solution File, Format Version 12.00
# Visual Studio 15
VisualStudioVersion = 15.0.26730.16
MinimumVisualStudioVersion = 10.0.40219.1
Project("{8BC9CEB8-8B4A-11D0-8D11-00A0C91BC942}") = "PolygonEngine", "PolygonEngine\PolygonEngine.vcxproj", "{C6852CFB-967D-4BBC-A276-66F39032EA8C}"
EndProject
Project("{8BC9CEB8-8B4A-11D0-8D11-00A0C91BC942}") = "PolygonCore", "PolygonCore\PolygonCore.vcxproj", "{E8BD1CE5-5A4D-4A5D-BC74-A522083D499D}"
EndProject
Global
	GlobalSection(SolutionConfigurationPlatforms) = preSolution
		Debug|x64 = Debug|x64
		Debug|x86 = Debug|x86
		Release|x64 = Release|x64
		Release|x86 = Release|x86
	EndGlobalSection
	GlobalSection(ProjectConfigurationPlatforms) = postSolution
		{C6852CFB-967D-4BBC-A276-66F39032EA8C}.Debug|x64.ActiveCfg = Debug|x64
		{C6852CFB-967D-4BBC-A276-66F39032EA8C}.Debug|x64.Build.0 = Debug|x64
		{C6852CFB-967D-4BBC-A276-66F39032EA8C}.Debug|x86.ActiveCfg = Debug|Win32
		{C6852CFB-967D-4BBC-A276-66F39032EA8C}.Debug|x86.Build.0 = Debug|Win32
		{C6852CFB-967D-4BBC-A276-66F39032EA8C}.Release|x64.ActiveCfg = Release|x64
		{C6852CFB-967D-4BBC-A276-66F39032EA8C}.Release|x64.Build.0 = Release|x64
		{C6852CFB-967D-4BBC-A276-66F39032EA8C}.Release|x86.ActiveCfg = Release|Win32
		{C6852CFB-967D-4BBC-A276-66F39032EA8C}.Release|x86.Build.0 = Release|Win32
		{E8BD1CE5-5A4D-4A5D-BC74-A522083D499D}.Debug|x64.ActiveCfg = Debug|x64
		{E8BD1CE5-5A4D-4A5D-BC74-A522083D499D}.Debug|x64.Build.0 = Debug|x64
		{E8BD1CE5-5A4D-4A5D-BC74-A522083D499D}.Debug|x86.ActiveCfg = Debug|Win32
		{E8BD1CE5-5A4D-4A5D-BC74-A522083D499D}.Debug|x86.Build.0 = Debug|Win32
		{E8BD1CE5-5A4D-4A5D-BC74-A522083D499D}.Release|x64.ActiveCfg = Release|x64
		{E8BD1CE5-5A4D-4A5D-BC74-A522083D499D}.Release|x64.Build.0 = Release|x64
		{E8BD1CE5-5A4D-4A5D-BC74-A522083D499D}.Release|x86.ActiveCfg = Release|Win32
		{E8BD1CE5-5A4D-4A5D-BC74-A522083D499D}.Release|x86.Build.0 = Release|Win32
	EndGlobalSection
	GlobalSection(SolutionProperties) = preSolution
		HideSolutionNode = FALSE
	EndGlobalSection
	GlobalSection(ExtensibilityGlobals) = postSolution
		SolutionGuid = {2B0C36D5-9BE6-4916-B189-AF5C135289A6}
	EndGlobalSection
EndGlobal
